
Microsoft Visual Studio Solution File, Format Version 11.00
# Visual C++ Express 2010
Project("{8BC9CEB8-8B4A-11D0-8D11-00A0C91BC942}") = "zip.lib", "zip.lib.vcxproj", "{7403F597-14F6-4F33-9800-CCF459C2C074}"
	ProjectSection(ProjectDependencies) = postProject
		{4109E1AD-E10F-412C-9917-1E381D82EEE6} = {4109E1AD-E10F-412C-9917-1E381D82EEE6}
	EndProjectSection
EndProject
Project("{8BC9CEB8-8B4A-11D0-8D11-00A0C91BC942}") = "GLG3D.lib", "GLG3D.lib.vcxproj", "{61744C3D-4AEB-4272-9764-8FC78D7205D9}"
	ProjectSection(ProjectDependencies) = postProject
		{9EA37246-6A7B-4BCF-A524-21A7FF70E65C} = {9EA37246-6A7B-4BCF-A524-21A7FF70E65C}
	EndProjectSection
EndProject
Project("{8BC9CEB8-8B4A-11D0-8D11-00A0C91BC942}") = "jpeg.lib", "jpeg.lib.vcxproj", "{8D369610-5DE0-49B9-891F-CBCC14B4530E}"
	ProjectSection(ProjectDependencies) = postProject
		{4109E1AD-E10F-412C-9917-1E381D82EEE6} = {4109E1AD-E10F-412C-9917-1E381D82EEE6}
	EndProjectSection
EndProject
Project("{8BC9CEB8-8B4A-11D0-8D11-00A0C91BC942}") = "png.lib", "png.lib.vcxproj", "{A4A0BD7E-885E-4889-AC25-B04C2CC07F3D}"
	ProjectSection(ProjectDependencies) = postProject
		{4109E1AD-E10F-412C-9917-1E381D82EEE6} = {4109E1AD-E10F-412C-9917-1E381D82EEE6}
	EndProjectSection
EndProject
Project("{8BC9CEB8-8B4A-11D0-8D11-00A0C91BC942}") = "zlib.lib", "zlib.lib.vcxproj", "{4109E1AD-E10F-412C-9917-1E381D82EEE6}"
EndProject
Project("{8BC9CEB8-8B4A-11D0-8D11-00A0C91BC942}") = "starter", "starter.vcxproj", "{935AA8F5-59C4-4336-A21E-4336F2F186B7}"
	ProjectSection(ProjectDependencies) = postProject
		{61744C3D-4AEB-4272-9764-8FC78D7205D9} = {61744C3D-4AEB-4272-9764-8FC78D7205D9}
		{9EA37246-6A7B-4BCF-A524-21A7FF70E65C} = {9EA37246-6A7B-4BCF-A524-21A7FF70E65C}
	EndProjectSection
EndProject
Project("{8BC9CEB8-8B4A-11D0-8D11-00A0C91BC942}") = "copyIfNewer", "copyIfNewer.vcxproj", "{5080535A-7851-48C8-A5D9-10F49112AB1F}"
	ProjectSection(ProjectDependencies) = postProject
		{9EA37246-6A7B-4BCF-A524-21A7FF70E65C} = {9EA37246-6A7B-4BCF-A524-21A7FF70E65C}
		{7403F597-14F6-4F33-9800-CCF459C2C074} = {7403F597-14F6-4F33-9800-CCF459C2C074}
		{4109E1AD-E10F-412C-9917-1E381D82EEE6} = {4109E1AD-E10F-412C-9917-1E381D82EEE6}
	EndProjectSection
EndProject
Project("{8BC9CEB8-8B4A-11D0-8D11-00A0C91BC942}") = "geometryShader", "geometryShader.vcxproj", "{69D4DBB6-C76A-4BBC-A029-AA99693A406F}"
	ProjectSection(ProjectDependencies) = postProject
		{61744C3D-4AEB-4272-9764-8FC78D7205D9} = {61744C3D-4AEB-4272-9764-8FC78D7205D9}
		{9EA37246-6A7B-4BCF-A524-21A7FF70E65C} = {9EA37246-6A7B-4BCF-A524-21A7FF70E65C}
	EndProjectSection
EndProject
Project("{8BC9CEB8-8B4A-11D0-8D11-00A0C91BC942}") = "minGlut", "minGlut.vcxproj", "{7CB975C2-90D7-42C6-A957-D7B522C106BB}"
	ProjectSection(ProjectDependencies) = postProject
		{61744C3D-4AEB-4272-9764-8FC78D7205D9} = {61744C3D-4AEB-4272-9764-8FC78D7205D9}
		{9EA37246-6A7B-4BCF-A524-21A7FF70E65C} = {9EA37246-6A7B-4BCF-A524-21A7FF70E65C}
	EndProjectSection
EndProject
Project("{8BC9CEB8-8B4A-11D0-8D11-00A0C91BC942}") = "minGlut2", "minGlut2.vcxproj", "{3AA5048A-1864-44A0-AE03-1E0CAD127EDC}"
EndProject
Project("{8BC9CEB8-8B4A-11D0-8D11-00A0C91BC942}") = "multiview", "multiview.vcxproj", "{AB43A471-F4D0-423B-B970-1B3825BF366F}"
	ProjectSection(ProjectDependencies) = postProject
		{61744C3D-4AEB-4272-9764-8FC78D7205D9} = {61744C3D-4AEB-4272-9764-8FC78D7205D9}
		{9EA37246-6A7B-4BCF-A524-21A7FF70E65C} = {9EA37246-6A7B-4BCF-A524-21A7FF70E65C}
	EndProjectSection
EndProject
Project("{8BC9CEB8-8B4A-11D0-8D11-00A0C91BC942}") = "pixelShader", "pixelShader.vcxproj", "{A5AFADCD-0ABC-4F97-9973-6CC4239F34C9}"
	ProjectSection(ProjectDependencies) = postProject
		{61744C3D-4AEB-4272-9764-8FC78D7205D9} = {61744C3D-4AEB-4272-9764-8FC78D7205D9}
		{9EA37246-6A7B-4BCF-A524-21A7FF70E65C} = {9EA37246-6A7B-4BCF-A524-21A7FF70E65C}
	EndProjectSection
EndProject
Project("{8BC9CEB8-8B4A-11D0-8D11-00A0C91BC942}") = "rawOpenGL", "rawOpenGL.vcxproj", "{804EA48B-F723-4CF4-914A-686BF2547A1A}"
	ProjectSection(ProjectDependencies) = postProject
		{61744C3D-4AEB-4272-9764-8FC78D7205D9} = {61744C3D-4AEB-4272-9764-8FC78D7205D9}
		{9EA37246-6A7B-4BCF-A524-21A7FF70E65C} = {9EA37246-6A7B-4BCF-A524-21A7FF70E65C}
	EndProjectSection
EndProject
Project("{8BC9CEB8-8B4A-11D0-8D11-00A0C91BC942}") = "rayTrace", "rayTrace.vcxproj", "{9887AA6B-BB85-42BB-8C61-63819F656D95}"
	ProjectSection(ProjectDependencies) = postProject
		{61744C3D-4AEB-4272-9764-8FC78D7205D9} = {61744C3D-4AEB-4272-9764-8FC78D7205D9}
		{9EA37246-6A7B-4BCF-A524-21A7FF70E65C} = {9EA37246-6A7B-4BCF-A524-21A7FF70E65C}
	EndProjectSection
EndProject
Project("{8BC9CEB8-8B4A-11D0-8D11-00A0C91BC942}") = "scratch-corey", "scratch-corey.vcxproj", "{A865411E-4ACA-4F31-B7EE-E62D33343155}"
	ProjectSection(ProjectDependencies) = postProject
		{61744C3D-4AEB-4272-9764-8FC78D7205D9} = {61744C3D-4AEB-4272-9764-8FC78D7205D9}
		{9EA37246-6A7B-4BCF-A524-21A7FF70E65C} = {9EA37246-6A7B-4BCF-A524-21A7FF70E65C}
	EndProjectSection
EndProject
Project("{8BC9CEB8-8B4A-11D0-8D11-00A0C91BC942}") = "scratch-morgan", "scratch-morgan.vcxproj", "{AAA76702-0DFE-48FA-ACDE-E0F519F7DF4A}"
	ProjectSection(ProjectDependencies) = postProject
		{8D369610-5DE0-49B9-891F-CBCC14B4530E} = {8D369610-5DE0-49B9-891F-CBCC14B4530E}
		{61744C3D-4AEB-4272-9764-8FC78D7205D9} = {61744C3D-4AEB-4272-9764-8FC78D7205D9}
		{9EA37246-6A7B-4BCF-A524-21A7FF70E65C} = {9EA37246-6A7B-4BCF-A524-21A7FF70E65C}
		{A4A0BD7E-885E-4889-AC25-B04C2CC07F3D} = {A4A0BD7E-885E-4889-AC25-B04C2CC07F3D}
		{7403F597-14F6-4F33-9800-CCF459C2C074} = {7403F597-14F6-4F33-9800-CCF459C2C074}
		{4109E1AD-E10F-412C-9917-1E381D82EEE6} = {4109E1AD-E10F-412C-9917-1E381D82EEE6}
	EndProjectSection
EndProject
Project("{8BC9CEB8-8B4A-11D0-8D11-00A0C91BC942}") = "test", "test.vcxproj", "{E87FA986-69AF-41E7-B971-E0A515A71673}"
	ProjectSection(ProjectDependencies) = postProject
		{61744C3D-4AEB-4272-9764-8FC78D7205D9} = {61744C3D-4AEB-4272-9764-8FC78D7205D9}
		{9EA37246-6A7B-4BCF-A524-21A7FF70E65C} = {9EA37246-6A7B-4BCF-A524-21A7FF70E65C}
	EndProjectSection
EndProject
Project("{8BC9CEB8-8B4A-11D0-8D11-00A0C91BC942}") = "viewer", "viewer.vcxproj", "{868D7D4D-8F70-4686-803B-615BB9406658}"
	ProjectSection(ProjectDependencies) = postProject
		{8D369610-5DE0-49B9-891F-CBCC14B4530E} = {8D369610-5DE0-49B9-891F-CBCC14B4530E}
		{61744C3D-4AEB-4272-9764-8FC78D7205D9} = {61744C3D-4AEB-4272-9764-8FC78D7205D9}
		{9EA37246-6A7B-4BCF-A524-21A7FF70E65C} = {9EA37246-6A7B-4BCF-A524-21A7FF70E65C}
		{A4A0BD7E-885E-4889-AC25-B04C2CC07F3D} = {A4A0BD7E-885E-4889-AC25-B04C2CC07F3D}
		{7403F597-14F6-4F33-9800-CCF459C2C074} = {7403F597-14F6-4F33-9800-CCF459C2C074}
		{4109E1AD-E10F-412C-9917-1E381D82EEE6} = {4109E1AD-E10F-412C-9917-1E381D82EEE6}
	EndProjectSection
EndProject
Project("{8BC9CEB8-8B4A-11D0-8D11-00A0C91BC942}") = "G3D.lib", "G3D.lib.vcxproj", "{9EA37246-6A7B-4BCF-A524-21A7FF70E65C}"
	ProjectSection(ProjectDependencies) = postProject
		{8D369610-5DE0-49B9-891F-CBCC14B4530E} = {8D369610-5DE0-49B9-891F-CBCC14B4530E}
		{A4A0BD7E-885E-4889-AC25-B04C2CC07F3D} = {A4A0BD7E-885E-4889-AC25-B04C2CC07F3D}
		{7403F597-14F6-4F33-9800-CCF459C2C074} = {7403F597-14F6-4F33-9800-CCF459C2C074}
		{4109E1AD-E10F-412C-9917-1E381D82EEE6} = {4109E1AD-E10F-412C-9917-1E381D82EEE6}
		{1A4CC9C5-D693-4ADA-9866-E8ED97FDF0A0} = {1A4CC9C5-D693-4ADA-9866-E8ED97FDF0A0}
	EndProjectSection
EndProject
Project("{8BC9CEB8-8B4A-11D0-8D11-00A0C91BC942}") = "Documentation", "Documentation.vcxproj", "{3BCF1B24-F228-4D95-B100-9300E0886C85}"
EndProject
Project("{8BC9CEB8-8B4A-11D0-8D11-00A0C91BC942}") = "remoteRender", "remoteRender.vcxproj", "{C99B2281-5F0F-4AAF-B2B9-F9468A024E54}"
	ProjectSection(ProjectDependencies) = postProject
		{61744C3D-4AEB-4272-9764-8FC78D7205D9} = {61744C3D-4AEB-4272-9764-8FC78D7205D9}
		{9EA37246-6A7B-4BCF-A524-21A7FF70E65C} = {9EA37246-6A7B-4BCF-A524-21A7FF70E65C}
		{E893FD69-A904-4E47-A1F9-4E1DC6FB413D} = {E893FD69-A904-4E47-A1F9-4E1DC6FB413D}
	EndProjectSection
EndProject
Project("{8BC9CEB8-8B4A-11D0-8D11-00A0C91BC942}") = "mongoose.lib", "mongoose.lib.vcxproj", "{E893FD69-A904-4E47-A1F9-4E1DC6FB413D}"
EndProject
Project("{8BC9CEB8-8B4A-11D0-8D11-00A0C91BC942}") = "BuildScripts", "BuildScripts.vcxproj", "{985177F9-F95C-4815-88A1-D71C108D6C56}"
EndProject
Project("{8BC9CEB8-8B4A-11D0-8D11-00A0C91BC942}") = "deferredShading", "deferredShading.vcxproj", "{9CE21191-CAEA-4169-8FCC-21884651B7DB}"
	ProjectSection(ProjectDependencies) = postProject
		{8D369610-5DE0-49B9-891F-CBCC14B4530E} = {8D369610-5DE0-49B9-891F-CBCC14B4530E}
		{61744C3D-4AEB-4272-9764-8FC78D7205D9} = {61744C3D-4AEB-4272-9764-8FC78D7205D9}
		{9EA37246-6A7B-4BCF-A524-21A7FF70E65C} = {9EA37246-6A7B-4BCF-A524-21A7FF70E65C}
		{A4A0BD7E-885E-4889-AC25-B04C2CC07F3D} = {A4A0BD7E-885E-4889-AC25-B04C2CC07F3D}
		{7403F597-14F6-4F33-9800-CCF459C2C074} = {7403F597-14F6-4F33-9800-CCF459C2C074}
		{4109E1AD-E10F-412C-9917-1E381D82EEE6} = {4109E1AD-E10F-412C-9917-1E381D82EEE6}
	EndProjectSection
EndProject
Project("{8BC9CEB8-8B4A-11D0-8D11-00A0C91BC942}") = "freeimage.lib", "freeimage.lib.vcxproj", "{1A4CC9C5-D693-4ADA-9866-E8ED97FDF0A0}"
EndProject
Global
	GlobalSection(SolutionConfigurationPlatforms) = preSolution
		Debug|Win32 = Debug|Win32
		Debug|x64 = Debug|x64
		Release|Win32 = Release|Win32
		Release|x64 = Release|x64
	EndGlobalSection
	GlobalSection(ProjectConfigurationPlatforms) = postSolution
		{7403F597-14F6-4F33-9800-CCF459C2C074}.Debug|Win32.ActiveCfg = Release|Win32
		{7403F597-14F6-4F33-9800-CCF459C2C074}.Debug|x64.ActiveCfg = Release|x64
		{7403F597-14F6-4F33-9800-CCF459C2C074}.Debug|x64.Build.0 = Release|x64
		{7403F597-14F6-4F33-9800-CCF459C2C074}.Release|Win32.ActiveCfg = Release|Win32
		{7403F597-14F6-4F33-9800-CCF459C2C074}.Release|Win32.Build.0 = Release|Win32
		{7403F597-14F6-4F33-9800-CCF459C2C074}.Release|x64.ActiveCfg = Release|x64
		{7403F597-14F6-4F33-9800-CCF459C2C074}.Release|x64.Build.0 = Release|x64
		{61744C3D-4AEB-4272-9764-8FC78D7205D9}.Debug|Win32.ActiveCfg = Debug|Win32
		{61744C3D-4AEB-4272-9764-8FC78D7205D9}.Debug|Win32.Build.0 = Debug|Win32
		{61744C3D-4AEB-4272-9764-8FC78D7205D9}.Debug|x64.ActiveCfg = Debug|x64
		{61744C3D-4AEB-4272-9764-8FC78D7205D9}.Debug|x64.Build.0 = Debug|x64
		{61744C3D-4AEB-4272-9764-8FC78D7205D9}.Release|Win32.ActiveCfg = Release|Win32
		{61744C3D-4AEB-4272-9764-8FC78D7205D9}.Release|Win32.Build.0 = Release|Win32
		{61744C3D-4AEB-4272-9764-8FC78D7205D9}.Release|x64.ActiveCfg = Release|x64
		{61744C3D-4AEB-4272-9764-8FC78D7205D9}.Release|x64.Build.0 = Release|x64
		{8D369610-5DE0-49B9-891F-CBCC14B4530E}.Debug|Win32.ActiveCfg = Release|Win32
		{8D369610-5DE0-49B9-891F-CBCC14B4530E}.Debug|x64.ActiveCfg = Release|x64
		{8D369610-5DE0-49B9-891F-CBCC14B4530E}.Debug|x64.Build.0 = Release|x64
		{8D369610-5DE0-49B9-891F-CBCC14B4530E}.Release|Win32.ActiveCfg = Release|Win32
		{8D369610-5DE0-49B9-891F-CBCC14B4530E}.Release|Win32.Build.0 = Release|Win32
		{8D369610-5DE0-49B9-891F-CBCC14B4530E}.Release|x64.ActiveCfg = Release|x64
		{8D369610-5DE0-49B9-891F-CBCC14B4530E}.Release|x64.Build.0 = Release|x64
		{A4A0BD7E-885E-4889-AC25-B04C2CC07F3D}.Debug|Win32.ActiveCfg = Release|Win32
		{A4A0BD7E-885E-4889-AC25-B04C2CC07F3D}.Debug|x64.ActiveCfg = Release|x64
		{A4A0BD7E-885E-4889-AC25-B04C2CC07F3D}.Debug|x64.Build.0 = Release|x64
		{A4A0BD7E-885E-4889-AC25-B04C2CC07F3D}.Release|Win32.ActiveCfg = Release|Win32
		{A4A0BD7E-885E-4889-AC25-B04C2CC07F3D}.Release|Win32.Build.0 = Release|Win32
		{A4A0BD7E-885E-4889-AC25-B04C2CC07F3D}.Release|x64.ActiveCfg = Release|x64
		{A4A0BD7E-885E-4889-AC25-B04C2CC07F3D}.Release|x64.Build.0 = Release|x64
		{4109E1AD-E10F-412C-9917-1E381D82EEE6}.Debug|Win32.ActiveCfg = Release|Win32
		{4109E1AD-E10F-412C-9917-1E381D82EEE6}.Debug|x64.ActiveCfg = Release|x64
		{4109E1AD-E10F-412C-9917-1E381D82EEE6}.Debug|x64.Build.0 = Release|x64
		{4109E1AD-E10F-412C-9917-1E381D82EEE6}.Release|Win32.ActiveCfg = Release|Win32
		{4109E1AD-E10F-412C-9917-1E381D82EEE6}.Release|Win32.Build.0 = Release|Win32
		{4109E1AD-E10F-412C-9917-1E381D82EEE6}.Release|x64.ActiveCfg = Release|x64
		{4109E1AD-E10F-412C-9917-1E381D82EEE6}.Release|x64.Build.0 = Release|x64
		{935AA8F5-59C4-4336-A21E-4336F2F186B7}.Debug|Win32.ActiveCfg = Debug|Win32
		{935AA8F5-59C4-4336-A21E-4336F2F186B7}.Debug|Win32.Build.0 = Debug|Win32
		{935AA8F5-59C4-4336-A21E-4336F2F186B7}.Debug|x64.ActiveCfg = Debug|x64
		{935AA8F5-59C4-4336-A21E-4336F2F186B7}.Debug|x64.Build.0 = Debug|x64
		{935AA8F5-59C4-4336-A21E-4336F2F186B7}.Release|Win32.ActiveCfg = Release|Win32
		{935AA8F5-59C4-4336-A21E-4336F2F186B7}.Release|Win32.Build.0 = Release|Win32
		{935AA8F5-59C4-4336-A21E-4336F2F186B7}.Release|x64.ActiveCfg = Release|x64
		{935AA8F5-59C4-4336-A21E-4336F2F186B7}.Release|x64.Build.0 = Release|x64
		{5080535A-7851-48C8-A5D9-10F49112AB1F}.Debug|Win32.ActiveCfg = Debug|Win32
		{5080535A-7851-48C8-A5D9-10F49112AB1F}.Debug|Win32.Build.0 = Debug|Win32
		{5080535A-7851-48C8-A5D9-10F49112AB1F}.Debug|x64.ActiveCfg = Debug|x64
		{5080535A-7851-48C8-A5D9-10F49112AB1F}.Debug|x64.Build.0 = Debug|x64
		{5080535A-7851-48C8-A5D9-10F49112AB1F}.Release|Win32.ActiveCfg = Release|Win32
		{5080535A-7851-48C8-A5D9-10F49112AB1F}.Release|Win32.Build.0 = Release|Win32
		{5080535A-7851-48C8-A5D9-10F49112AB1F}.Release|x64.ActiveCfg = Release|x64
		{5080535A-7851-48C8-A5D9-10F49112AB1F}.Release|x64.Build.0 = Release|x64
		{69D4DBB6-C76A-4BBC-A029-AA99693A406F}.Debug|Win32.ActiveCfg = Debug|Win32
		{69D4DBB6-C76A-4BBC-A029-AA99693A406F}.Debug|Win32.Build.0 = Debug|Win32
		{69D4DBB6-C76A-4BBC-A029-AA99693A406F}.Debug|x64.ActiveCfg = Debug|x64
		{69D4DBB6-C76A-4BBC-A029-AA99693A406F}.Debug|x64.Build.0 = Debug|x64
		{69D4DBB6-C76A-4BBC-A029-AA99693A406F}.Release|Win32.ActiveCfg = Release|Win32
		{69D4DBB6-C76A-4BBC-A029-AA99693A406F}.Release|Win32.Build.0 = Release|Win32
		{69D4DBB6-C76A-4BBC-A029-AA99693A406F}.Release|x64.ActiveCfg = Release|x64
		{69D4DBB6-C76A-4BBC-A029-AA99693A406F}.Release|x64.Build.0 = Release|x64
		{7CB975C2-90D7-42C6-A957-D7B522C106BB}.Debug|Win32.ActiveCfg = Debug|Win32
		{7CB975C2-90D7-42C6-A957-D7B522C106BB}.Debug|Win32.Build.0 = Debug|Win32
		{7CB975C2-90D7-42C6-A957-D7B522C106BB}.Debug|x64.ActiveCfg = Debug|x64
		{7CB975C2-90D7-42C6-A957-D7B522C106BB}.Debug|x64.Build.0 = Debug|x64
		{7CB975C2-90D7-42C6-A957-D7B522C106BB}.Release|Win32.ActiveCfg = Release|Win32
		{7CB975C2-90D7-42C6-A957-D7B522C106BB}.Release|Win32.Build.0 = Release|Win32
		{7CB975C2-90D7-42C6-A957-D7B522C106BB}.Release|x64.ActiveCfg = Release|x64
		{7CB975C2-90D7-42C6-A957-D7B522C106BB}.Release|x64.Build.0 = Release|x64
		{3AA5048A-1864-44A0-AE03-1E0CAD127EDC}.Debug|Win32.ActiveCfg = Debug|Win32
		{3AA5048A-1864-44A0-AE03-1E0CAD127EDC}.Debug|Win32.Build.0 = Debug|Win32
		{3AA5048A-1864-44A0-AE03-1E0CAD127EDC}.Debug|x64.ActiveCfg = Debug|x64
		{3AA5048A-1864-44A0-AE03-1E0CAD127EDC}.Debug|x64.Build.0 = Debug|x64
		{3AA5048A-1864-44A0-AE03-1E0CAD127EDC}.Release|Win32.ActiveCfg = Release|Win32
		{3AA5048A-1864-44A0-AE03-1E0CAD127EDC}.Release|Win32.Build.0 = Release|Win32
		{3AA5048A-1864-44A0-AE03-1E0CAD127EDC}.Release|x64.ActiveCfg = Release|x64
		{3AA5048A-1864-44A0-AE03-1E0CAD127EDC}.Release|x64.Build.0 = Release|x64
		{AB43A471-F4D0-423B-B970-1B3825BF366F}.Debug|Win32.ActiveCfg = Debug|Win32
		{AB43A471-F4D0-423B-B970-1B3825BF366F}.Debug|Win32.Build.0 = Debug|Win32
		{AB43A471-F4D0-423B-B970-1B3825BF366F}.Debug|x64.ActiveCfg = Debug|x64
		{AB43A471-F4D0-423B-B970-1B3825BF366F}.Debug|x64.Build.0 = Debug|x64
		{AB43A471-F4D0-423B-B970-1B3825BF366F}.Release|Win32.ActiveCfg = Release|Win32
		{AB43A471-F4D0-423B-B970-1B3825BF366F}.Release|Win32.Build.0 = Release|Win32
		{AB43A471-F4D0-423B-B970-1B3825BF366F}.Release|x64.ActiveCfg = Release|x64
		{AB43A471-F4D0-423B-B970-1B3825BF366F}.Release|x64.Build.0 = Release|x64
		{A5AFADCD-0ABC-4F97-9973-6CC4239F34C9}.Debug|Win32.ActiveCfg = Debug|Win32
		{A5AFADCD-0ABC-4F97-9973-6CC4239F34C9}.Debug|Win32.Build.0 = Debug|Win32
		{A5AFADCD-0ABC-4F97-9973-6CC4239F34C9}.Debug|x64.ActiveCfg = Debug|x64
		{A5AFADCD-0ABC-4F97-9973-6CC4239F34C9}.Debug|x64.Build.0 = Debug|x64
		{A5AFADCD-0ABC-4F97-9973-6CC4239F34C9}.Release|Win32.ActiveCfg = Release|Win32
		{A5AFADCD-0ABC-4F97-9973-6CC4239F34C9}.Release|Win32.Build.0 = Release|Win32
		{A5AFADCD-0ABC-4F97-9973-6CC4239F34C9}.Release|x64.ActiveCfg = Release|x64
		{A5AFADCD-0ABC-4F97-9973-6CC4239F34C9}.Release|x64.Build.0 = Release|x64
		{804EA48B-F723-4CF4-914A-686BF2547A1A}.Debug|Win32.ActiveCfg = Debug|Win32
		{804EA48B-F723-4CF4-914A-686BF2547A1A}.Debug|Win32.Build.0 = Debug|Win32
		{804EA48B-F723-4CF4-914A-686BF2547A1A}.Debug|x64.ActiveCfg = Debug|x64
		{804EA48B-F723-4CF4-914A-686BF2547A1A}.Debug|x64.Build.0 = Debug|x64
		{804EA48B-F723-4CF4-914A-686BF2547A1A}.Release|Win32.ActiveCfg = Release|Win32
		{804EA48B-F723-4CF4-914A-686BF2547A1A}.Release|Win32.Build.0 = Release|Win32
		{804EA48B-F723-4CF4-914A-686BF2547A1A}.Release|x64.ActiveCfg = Release|x64
		{804EA48B-F723-4CF4-914A-686BF2547A1A}.Release|x64.Build.0 = Release|x64
		{9887AA6B-BB85-42BB-8C61-63819F656D95}.Debug|Win32.ActiveCfg = Debug|Win32
		{9887AA6B-BB85-42BB-8C61-63819F656D95}.Debug|Win32.Build.0 = Debug|Win32
		{9887AA6B-BB85-42BB-8C61-63819F656D95}.Debug|x64.ActiveCfg = Debug|x64
		{9887AA6B-BB85-42BB-8C61-63819F656D95}.Debug|x64.Build.0 = Debug|x64
		{9887AA6B-BB85-42BB-8C61-63819F656D95}.Release|Win32.ActiveCfg = Release|Win32
		{9887AA6B-BB85-42BB-8C61-63819F656D95}.Release|Win32.Build.0 = Release|Win32
		{9887AA6B-BB85-42BB-8C61-63819F656D95}.Release|x64.ActiveCfg = Release|x64
		{9887AA6B-BB85-42BB-8C61-63819F656D95}.Release|x64.Build.0 = Release|x64
		{A865411E-4ACA-4F31-B7EE-E62D33343155}.Debug|Win32.ActiveCfg = Debug|Win32
		{A865411E-4ACA-4F31-B7EE-E62D33343155}.Debug|Win32.Build.0 = Debug|Win32
		{A865411E-4ACA-4F31-B7EE-E62D33343155}.Debug|x64.ActiveCfg = Debug|x64
		{A865411E-4ACA-4F31-B7EE-E62D33343155}.Debug|x64.Build.0 = Debug|x64
		{A865411E-4ACA-4F31-B7EE-E62D33343155}.Release|Win32.ActiveCfg = Release|Win32
		{A865411E-4ACA-4F31-B7EE-E62D33343155}.Release|Win32.Build.0 = Release|Win32
		{A865411E-4ACA-4F31-B7EE-E62D33343155}.Release|x64.ActiveCfg = Release|x64
		{A865411E-4ACA-4F31-B7EE-E62D33343155}.Release|x64.Build.0 = Release|x64
		{AAA76702-0DFE-48FA-ACDE-E0F519F7DF4A}.Debug|Win32.ActiveCfg = Debug|Win32
		{AAA76702-0DFE-48FA-ACDE-E0F519F7DF4A}.Debug|Win32.Build.0 = Debug|Win32
		{AAA76702-0DFE-48FA-ACDE-E0F519F7DF4A}.Debug|x64.ActiveCfg = Debug|x64
		{AAA76702-0DFE-48FA-ACDE-E0F519F7DF4A}.Debug|x64.Build.0 = Debug|x64
		{AAA76702-0DFE-48FA-ACDE-E0F519F7DF4A}.Release|Win32.ActiveCfg = Release|Win32
		{AAA76702-0DFE-48FA-ACDE-E0F519F7DF4A}.Release|Win32.Build.0 = Release|Win32
		{AAA76702-0DFE-48FA-ACDE-E0F519F7DF4A}.Release|x64.ActiveCfg = Release|x64
		{AAA76702-0DFE-48FA-ACDE-E0F519F7DF4A}.Release|x64.Build.0 = Release|x64
		{E87FA986-69AF-41E7-B971-E0A515A71673}.Debug|Win32.ActiveCfg = Debug|Win32
		{E87FA986-69AF-41E7-B971-E0A515A71673}.Debug|Win32.Build.0 = Debug|Win32
		{E87FA986-69AF-41E7-B971-E0A515A71673}.Debug|x64.ActiveCfg = Debug|x64
		{E87FA986-69AF-41E7-B971-E0A515A71673}.Debug|x64.Build.0 = Debug|x64
		{E87FA986-69AF-41E7-B971-E0A515A71673}.Release|Win32.ActiveCfg = Release|Win32
		{E87FA986-69AF-41E7-B971-E0A515A71673}.Release|Win32.Build.0 = Release|Win32
		{E87FA986-69AF-41E7-B971-E0A515A71673}.Release|x64.ActiveCfg = Release|x64
		{E87FA986-69AF-41E7-B971-E0A515A71673}.Release|x64.Build.0 = Release|x64
		{868D7D4D-8F70-4686-803B-615BB9406658}.Debug|Win32.ActiveCfg = Debug|Win32
		{868D7D4D-8F70-4686-803B-615BB9406658}.Debug|Win32.Build.0 = Debug|Win32
		{868D7D4D-8F70-4686-803B-615BB9406658}.Debug|x64.ActiveCfg = Debug|x64
		{868D7D4D-8F70-4686-803B-615BB9406658}.Debug|x64.Build.0 = Debug|x64
		{868D7D4D-8F70-4686-803B-615BB9406658}.Release|Win32.ActiveCfg = Release|Win32
		{868D7D4D-8F70-4686-803B-615BB9406658}.Release|Win32.Build.0 = Release|Win32
		{868D7D4D-8F70-4686-803B-615BB9406658}.Release|x64.ActiveCfg = Release|x64
		{868D7D4D-8F70-4686-803B-615BB9406658}.Release|x64.Build.0 = Release|x64
		{9EA37246-6A7B-4BCF-A524-21A7FF70E65C}.Debug|Win32.ActiveCfg = Debug|Win32
		{9EA37246-6A7B-4BCF-A524-21A7FF70E65C}.Debug|Win32.Build.0 = Debug|Win32
		{9EA37246-6A7B-4BCF-A524-21A7FF70E65C}.Debug|x64.ActiveCfg = Debug|x64
		{9EA37246-6A7B-4BCF-A524-21A7FF70E65C}.Debug|x64.Build.0 = Debug|x64
		{9EA37246-6A7B-4BCF-A524-21A7FF70E65C}.Release|Win32.ActiveCfg = Release|Win32
		{9EA37246-6A7B-4BCF-A524-21A7FF70E65C}.Release|Win32.Build.0 = Release|Win32
		{9EA37246-6A7B-4BCF-A524-21A7FF70E65C}.Release|x64.ActiveCfg = Release|x64
		{9EA37246-6A7B-4BCF-A524-21A7FF70E65C}.Release|x64.Build.0 = Release|x64
		{3BCF1B24-F228-4D95-B100-9300E0886C85}.Debug|Win32.ActiveCfg = Release|Win32
		{3BCF1B24-F228-4D95-B100-9300E0886C85}.Debug|x64.ActiveCfg = Release|x64
		{3BCF1B24-F228-4D95-B100-9300E0886C85}.Debug|x64.Build.0 = Release|x64
		{3BCF1B24-F228-4D95-B100-9300E0886C85}.Release|Win32.ActiveCfg = Release|Win32
		{3BCF1B24-F228-4D95-B100-9300E0886C85}.Release|Win32.Build.0 = Release|Win32
		{3BCF1B24-F228-4D95-B100-9300E0886C85}.Release|x64.ActiveCfg = Release|x64
		{C99B2281-5F0F-4AAF-B2B9-F9468A024E54}.Debug|Win32.ActiveCfg = Debug|Win32
		{C99B2281-5F0F-4AAF-B2B9-F9468A024E54}.Debug|Win32.Build.0 = Debug|Win32
		{C99B2281-5F0F-4AAF-B2B9-F9468A024E54}.Debug|x64.ActiveCfg = Debug|x64
		{C99B2281-5F0F-4AAF-B2B9-F9468A024E54}.Debug|x64.Build.0 = Debug|x64
		{C99B2281-5F0F-4AAF-B2B9-F9468A024E54}.Release|Win32.ActiveCfg = Release|Win32
		{C99B2281-5F0F-4AAF-B2B9-F9468A024E54}.Release|Win32.Build.0 = Release|Win32
		{C99B2281-5F0F-4AAF-B2B9-F9468A024E54}.Release|x64.ActiveCfg = Release|x64
		{C99B2281-5F0F-4AAF-B2B9-F9468A024E54}.Release|x64.Build.0 = Release|x64
		{E893FD69-A904-4E47-A1F9-4E1DC6FB413D}.Debug|Win32.ActiveCfg = Release|Win32
		{E893FD69-A904-4E47-A1F9-4E1DC6FB413D}.Debug|x64.ActiveCfg = Release|x64
		{E893FD69-A904-4E47-A1F9-4E1DC6FB413D}.Debug|x64.Build.0 = Release|x64
		{E893FD69-A904-4E47-A1F9-4E1DC6FB413D}.Release|Win32.ActiveCfg = Release|Win32
		{E893FD69-A904-4E47-A1F9-4E1DC6FB413D}.Release|Win32.Build.0 = Release|Win32
		{E893FD69-A904-4E47-A1F9-4E1DC6FB413D}.Release|x64.ActiveCfg = Release|x64
		{E893FD69-A904-4E47-A1F9-4E1DC6FB413D}.Release|x64.Build.0 = Release|x64
		{985177F9-F95C-4815-88A1-D71C108D6C56}.Debug|Win32.ActiveCfg = Debug|Win32
		{985177F9-F95C-4815-88A1-D71C108D6C56}.Debug|Win32.Build.0 = Debug|Win32
		{985177F9-F95C-4815-88A1-D71C108D6C56}.Debug|x64.ActiveCfg = Debug|x64
		{985177F9-F95C-4815-88A1-D71C108D6C56}.Debug|x64.Build.0 = Debug|x64
		{985177F9-F95C-4815-88A1-D71C108D6C56}.Release|Win32.ActiveCfg = Release|Win32
		{985177F9-F95C-4815-88A1-D71C108D6C56}.Release|Win32.Build.0 = Release|Win32
		{985177F9-F95C-4815-88A1-D71C108D6C56}.Release|x64.ActiveCfg = Release|x64
		{985177F9-F95C-4815-88A1-D71C108D6C56}.Release|x64.Build.0 = Release|x64
		{9CE21191-CAEA-4169-8FCC-21884651B7DB}.Debug|Win32.ActiveCfg = Debug|Win32
		{9CE21191-CAEA-4169-8FCC-21884651B7DB}.Debug|Win32.Build.0 = Debug|Win32
		{9CE21191-CAEA-4169-8FCC-21884651B7DB}.Debug|x64.ActiveCfg = Debug|x64
		{9CE21191-CAEA-4169-8FCC-21884651B7DB}.Debug|x64.Build.0 = Debug|x64
		{9CE21191-CAEA-4169-8FCC-21884651B7DB}.Release|Win32.ActiveCfg = Release|Win32
		{9CE21191-CAEA-4169-8FCC-21884651B7DB}.Release|Win32.Build.0 = Release|Win32
		{9CE21191-CAEA-4169-8FCC-21884651B7DB}.Release|x64.ActiveCfg = Release|x64
		{9CE21191-CAEA-4169-8FCC-21884651B7DB}.Release|x64.Build.0 = Release|x64
		{1A4CC9C5-D693-4ADA-9866-E8ED97FDF0A0}.Debug|Win32.ActiveCfg = Debug|Win32
		{1A4CC9C5-D693-4ADA-9866-E8ED97FDF0A0}.Debug|Win32.Build.0 = Debug|Win32
		{1A4CC9C5-D693-4ADA-9866-E8ED97FDF0A0}.Debug|x64.ActiveCfg = Debug|x64
		{1A4CC9C5-D693-4ADA-9866-E8ED97FDF0A0}.Debug|x64.Build.0 = Debug|x64
		{1A4CC9C5-D693-4ADA-9866-E8ED97FDF0A0}.Release|Win32.ActiveCfg = Release|Win32
		{1A4CC9C5-D693-4ADA-9866-E8ED97FDF0A0}.Release|Win32.Build.0 = Release|Win32
		{1A4CC9C5-D693-4ADA-9866-E8ED97FDF0A0}.Release|x64.ActiveCfg = Release|x64
		{1A4CC9C5-D693-4ADA-9866-E8ED97FDF0A0}.Release|x64.Build.0 = Release|x64
	EndGlobalSection
	GlobalSection(SolutionProperties) = preSolution
		HideSolutionNode = FALSE
	EndGlobalSection
EndGlobal
